<Solution>
  <Folder Name="/Misc/">
    <File Path=".github/workflows/analysis.yml" />
    <File Path=".github/workflows/release.yml" />
    <File Path=".github/workflows/test.yml" />
    <File Path=".gitignore" />
    <File Path="README.md" />
  </Folder>
  <Project Path="Organisationsnummer.Tests/Organisationsnummer.Tests.csproj" />
  <Project Path="Organisationsnummer/Organisationsnummer.csproj" />
</Solution>
